<Solution>
  <Folder Name="/Элементы решения/">
    <File Path="docker-compose.yml" />
  </Folder>
  <Project Path="SneakersShop.Application/SneakersShop.Application.csproj" />
  <Project Path="SneakersShop.Domain/SneakersShop.Domain.csproj" />
  <Project Path="SneakersShop.Infrastructure/SneakersShop.Infrastructure.csproj" />
  <Project Path="SneakersShop.Test/SneakersShop.Test.csproj" />
  <Project Path="SneakersShopAPI/SneakersShop.API.csproj" />
</Solution>
